
Microsoft Visual Studio Solution File, Format Version 12.00
# Visual Studio 15
VisualStudioVersion = 15.0.28307.1622
MinimumVisualStudioVersion = 10.0.40219.1
Project("{8BC9CEB8-8B4A-11D0-8D11-00A0C91BC942}") = "TP-Heritage-Application-De", "TP-Heritage-Application-De\TP-Heritage-Application-De.vcxproj", "{610C7699-7B57-445B-8735-8FBB00F20FEF}"
EndProject
Global
	GlobalSection(SolutionConfigurationPlatforms) = preSolution
		Debug|x64 = Debug|x64
		Release|x64 = Release|x64
	EndGlobalSection
	GlobalSection(ProjectConfigurationPlatforms) = postSolution
		{610C7699-7B57-445B-8735-8FBB00F20FEF}.Debug|x64.ActiveCfg = Debug|x64
		{610C7699-7B57-445B-8735-8FBB00F20FEF}.Debug|x64.Build.0 = Debug|x64
		{610C7699-7B57-445B-8735-8FBB00F20FEF}.Release|x64.ActiveCfg = Release|x64
		{610C7699-7B57-445B-8735-8FBB00F20FEF}.Release|x64.Build.0 = Release|x64
	EndGlobalSection
	GlobalSection(SolutionProperties) = preSolution
		HideSolutionNode = FALSE
	EndGlobalSection
	GlobalSection(ExtensibilityGlobals) = postSolution
		SolutionGuid = {B54DD6D5-20DC-4F56-8D0B-AFEA8919B6FD}
	EndGlobalSection
EndGlobal
